// !$*UTF8*$!
{
	archiveVersion = 1;
	classes = {
	};
	objectVersion = 46;
	objects = {

/* Begin PBXBuildFile section */
		821663121C9611B900493594 /* NGAFontNames.swift in Sources */ = {isa = PBXBuildFile; fileRef = 821662FF1C9611B900493594 /* NGAFontNames.swift */; };
		821663131C9611B900493594 /* NGATypeAliases.swift in Sources */ = {isa = PBXBuildFile; fileRef = 821663001C9611B900493594 /* NGATypeAliases.swift */; };
		821663141C9611B900493594 /* NGAExtensions.swift in Sources */ = {isa = PBXBuildFile; fileRef = 821663011C9611B900493594 /* NGAExtensions.swift */; };
		821663151C9611B900493594 /* NGAGradientView.swift in Sources */ = {isa = PBXBuildFile; fileRef = 821663021C9611B900493594 /* NGAGradientView.swift */; };
		821663161C9611B900493594 /* NGAContainerViews.swift in Sources */ = {isa = PBXBuildFile; fileRef = 821663031C9611B900493594 /* NGAContainerViews.swift */; };
		821663171C9611B900493594 /* NGANavigationController.swift in Sources */ = {isa = PBXBuildFile; fileRef = 821663041C9611B900493594 /* NGANavigationController.swift */; };
		8216631B1C9611B900493594 /* NGASwitchBar.swift in Sources */ = {isa = PBXBuildFile; fileRef = 821663081C9611B900493594 /* NGASwitchBar.swift */; };
		8216631C1C9611B900493594 /* NGACollectionViewController.swift in Sources */ = {isa = PBXBuildFile; fileRef = 821663091C9611B900493594 /* NGACollectionViewController.swift */; };
		8216631D1C9611B900493594 /* NGATableViewController.swift in Sources */ = {isa = PBXBuildFile; fileRef = 8216630A1C9611B900493594 /* NGATableViewController.swift */; };
		8216631E1C9611B900493594 /* NGASegmentedViewController.swift in Sources */ = {isa = PBXBuildFile; fileRef = 8216630B1C9611B900493594 /* NGASegmentedViewController.swift */; };
		8216631F1C9611B900493594 /* NGAParallaxCollectionViewController.swift in Sources */ = {isa = PBXBuildFile; fileRef = 8216630C1C9611B900493594 /* NGAParallaxCollectionViewController.swift */; };
		821663201C9611B900493594 /* NGAViewController.swift in Sources */ = {isa = PBXBuildFile; fileRef = 8216630D1C9611B900493594 /* NGAViewController.swift */; };
		821663211C9611B900493594 /* NGAWKWebViewController.swift in Sources */ = {isa = PBXBuildFile; fileRef = 8216630E1C9611B900493594 /* NGAWKWebViewController.swift */; };
		8216632B1C9611D400493594 /* NGATextCollectionViewController.swift in Sources */ = {isa = PBXBuildFile; fileRef = 821663241C9611D400493594 /* NGATextCollectionViewController.swift */; };
		8216632C1C9611D400493594 /* NGAConfig.swift in Sources */ = {isa = PBXBuildFile; fileRef = 821663251C9611D400493594 /* NGAConfig.swift */; };
		8216632D1C9611D400493594 /* NGASwitchBarTableViewController.swift in Sources */ = {isa = PBXBuildFile; fileRef = 821663261C9611D400493594 /* NGASwitchBarTableViewController.swift */; };
		8216632E1C9611D400493594 /* NGAArranger.swift in Sources */ = {isa = PBXBuildFile; fileRef = 821663271C9611D400493594 /* NGAArranger.swift */; };
		821663361C96147800493594 /* AppDelegate.swift in Sources */ = {isa = PBXBuildFile; fileRef = 821663351C96147800493594 /* AppDelegate.swift */; };
		8216633E1C9616DA00493594 /* NGAPseudoDictionary.swift in Sources */ = {isa = PBXBuildFile; fileRef = 8216633D1C9616DA00493594 /* NGAPseudoDictionary.swift */; };
		821663441C96183B00493594 /* StringExtension.swift in Sources */ = {isa = PBXBuildFile; fileRef = 821663431C96183B00493594 /* StringExtension.swift */; };
		821663461C96564000493594 /* Operators.swift in Sources */ = {isa = PBXBuildFile; fileRef = 821663451C96564000493594 /* Operators.swift */; };
		821663481C9657E000493594 /* OptionalExtension.swift in Sources */ = {isa = PBXBuildFile; fileRef = 821663471C9657E000493594 /* OptionalExtension.swift */; };
		8216634A1C965A6400493594 /* ArrayExtension.swift in Sources */ = {isa = PBXBuildFile; fileRef = 821663491C965A6400493594 /* ArrayExtension.swift */; };
		8216634C1C965A8E00493594 /* DictionaryExtension.swift in Sources */ = {isa = PBXBuildFile; fileRef = 8216634B1C965A8E00493594 /* DictionaryExtension.swift */; };
		82237F9E1C98DF3B0069153C /* Formable.swift in Sources */ = {isa = PBXBuildFile; fileRef = 82237F9D1C98DF3B0069153C /* Formable.swift */; };
		822B45351CDA90FD007C1431 /* RawRepresntableExtension.swift in Sources */ = {isa = PBXBuildFile; fileRef = 822B45341CDA90FD007C1431 /* RawRepresntableExtension.swift */; };
		82332D461E528DA60007CB52 /* BoolExtension.swift in Sources */ = {isa = PBXBuildFile; fileRef = 82332D451E528DA60007CB52 /* BoolExtension.swift */; };
		82332D4E1E52C4F80007CB52 /* NGAFrameworkTests.swift in Sources */ = {isa = PBXBuildFile; fileRef = 82332D4D1E52C4F80007CB52 /* NGAFrameworkTests.swift */; };
		82332D501E52C4F80007CB52 /* NGAFramework.framework in Frameworks */ = {isa = PBXBuildFile; fileRef = 828DAE941C96075400EEDE1B /* NGAFramework.framework */; };
		826DE6BF1CAAC79300F7323D /* CompassView.swift in Sources */ = {isa = PBXBuildFile; fileRef = 826DE6BE1CAAC79300F7323D /* CompassView.swift */; };
		8273F1781CAED62C00F1A45C /* CoreLocationExtensions.swift in Sources */ = {isa = PBXBuildFile; fileRef = 8273F1771CAED62C00F1A45C /* CoreLocationExtensions.swift */; };
		827518121CC85EFD0039289D /* StandardObjects.swift in Sources */ = {isa = PBXBuildFile; fileRef = 827518111CC85EFD0039289D /* StandardObjects.swift */; };
		827619CD1CADCBC500544A98 /* UICollectionViewExtensions.swift in Sources */ = {isa = PBXBuildFile; fileRef = 827619CC1CADCBC500544A98 /* UICollectionViewExtensions.swift */; };
		8276F0221CB59FA80070FDC6 /* UIViewControllerExtension.swift in Sources */ = {isa = PBXBuildFile; fileRef = 8276F0211CB59FA80070FDC6 /* UIViewControllerExtension.swift */; };
		828817991CC8197100602B7E /* Loggable.swift in Sources */ = {isa = PBXBuildFile; fileRef = 828817981CC8197100602B7E /* Loggable.swift */; };
		828DAE981C96075400EEDE1B /* NGAFramework.h in Headers */ = {isa = PBXBuildFile; fileRef = 828DAE971C96075400EEDE1B /* NGAFramework.h */; settings = {ATTRIBUTES = (Public, ); }; };
		829046FD1C965DDD00EF27F5 /* UINavigationControllerExtension.swift in Sources */ = {isa = PBXBuildFile; fileRef = 829046FC1C965DDD00EF27F5 /* UINavigationControllerExtension.swift */; };
		829047041C96600200EF27F5 /* UIViewExtension.swift in Sources */ = {isa = PBXBuildFile; fileRef = 829047031C96600200EF27F5 /* UIViewExtension.swift */; };
		829047061C96626C00EF27F5 /* UILabelExtension.swift in Sources */ = {isa = PBXBuildFile; fileRef = 829047051C96626C00EF27F5 /* UILabelExtension.swift */; };
		829047081C96629700EF27F5 /* UIImageExtension.swift in Sources */ = {isa = PBXBuildFile; fileRef = 829047071C96629700EF27F5 /* UIImageExtension.swift */; };
		8290470A1C9662A400EF27F5 /* UIFontExtension.swift in Sources */ = {isa = PBXBuildFile; fileRef = 829047091C9662A400EF27F5 /* UIFontExtension.swift */; };
		8290470C1C9662F400EF27F5 /* UIColorExtension.swift in Sources */ = {isa = PBXBuildFile; fileRef = 8290470B1C9662F400EF27F5 /* UIColorExtension.swift */; };
		8290470E1C9678DD00EF27F5 /* NSTimerExtension.swift in Sources */ = {isa = PBXBuildFile; fileRef = 8290470D1C9678DD00EF27F5 /* NSTimerExtension.swift */; };
		829047101C9678F200EF27F5 /* UIAlertControllerExtension.swift in Sources */ = {isa = PBXBuildFile; fileRef = 8290470F1C9678F200EF27F5 /* UIAlertControllerExtension.swift */; };
		829047121C967D9E00EF27F5 /* UIButtonExtension.swift in Sources */ = {isa = PBXBuildFile; fileRef = 829047111C967D9E00EF27F5 /* UIButtonExtension.swift */; };
		829047141C967DB400EF27F5 /* UIntExtension.swift in Sources */ = {isa = PBXBuildFile; fileRef = 829047131C967DB400EF27F5 /* UIntExtension.swift */; };
		829047161C967DEA00EF27F5 /* UIScrollViewExtension.swift in Sources */ = {isa = PBXBuildFile; fileRef = 829047151C967DEA00EF27F5 /* UIScrollViewExtension.swift */; };
		829047181C96800400EF27F5 /* CGRectExtension.swift in Sources */ = {isa = PBXBuildFile; fileRef = 829047171C96800400EF27F5 /* CGRectExtension.swift */; };
		8290471A1C96801500EF27F5 /* CGSizeExtension.swift in Sources */ = {isa = PBXBuildFile; fileRef = 829047191C96801500EF27F5 /* CGSizeExtension.swift */; };
		8290471C1C96808D00EF27F5 /* NSExtensions.swift in Sources */ = {isa = PBXBuildFile; fileRef = 8290471B1C96808D00EF27F5 /* NSExtensions.swift */; };
		8290471E1C9680D300EF27F5 /* NSDateExtension.swift in Sources */ = {isa = PBXBuildFile; fileRef = 8290471D1C9680D300EF27F5 /* NSDateExtension.swift */; };
		829047201C9682F700EF27F5 /* BasicConversionExtensions.swift in Sources */ = {isa = PBXBuildFile; fileRef = 8290471F1C9682F700EF27F5 /* BasicConversionExtensions.swift */; };
		829349391C9B76C7005BB4DE /* APIHandler.swift in Sources */ = {isa = PBXBuildFile; fileRef = 829349381C9B76C7005BB4DE /* APIHandler.swift */; };
		829993491CAA02BC002ABDDE /* NGAView.swift in Sources */ = {isa = PBXBuildFile; fileRef = 829993481CAA02BC002ABDDE /* NGAView.swift */; };
		82AAD9391CA0D03000587401 /* XMLParser.swift in Sources */ = {isa = PBXBuildFile; fileRef = 82AAD9381CA0D03000587401 /* XMLParser.swift */; };
		82E3A3421CB43C47008F7E15 /* IntExtension.swift in Sources */ = {isa = PBXBuildFile; fileRef = 82E3A3411CB43C47008F7E15 /* IntExtension.swift */; };
		D8405EE18C54B49DED7D01AC /* Pods_NGAFramework.framework in Frameworks */ = {isa = PBXBuildFile; fileRef = A099B45E3517ABD12FD43585 /* Pods_NGAFramework.framework */; };
		DAD9E0CE855D62C3469978DE /* Pods_NGAFrameworkTests.framework in Frameworks */ = {isa = PBXBuildFile; fileRef = 61F6BCFCDB9852BC09C154BE /* Pods_NGAFrameworkTests.framework */; };
/* End PBXBuildFile section */

/* Begin PBXContainerItemProxy section */
		82332D511E52C4F80007CB52 /* PBXContainerItemProxy */ = {
			isa = PBXContainerItemProxy;
			containerPortal = 828DAE8B1C96075400EEDE1B /* Project object */;
			proxyType = 1;
			remoteGlobalIDString = 828DAE931C96075400EEDE1B;
			remoteInfo = NGAFramework;
		};
/* End PBXContainerItemProxy section */

/* Begin PBXFileReference section */
		231DBBF115B36BA2B09BA598 /* Pods-NGAFramework.debug.xcconfig */ = {isa = PBXFileReference; includeInIndex = 1; lastKnownFileType = text.xcconfig; name = "Pods-NGAFramework.debug.xcconfig"; path = "Pods/Target Support Files/Pods-NGAFramework/Pods-NGAFramework.debug.xcconfig"; sourceTree = "<group>"; };
		61F6BCFCDB9852BC09C154BE /* Pods_NGAFrameworkTests.framework */ = {isa = PBXFileReference; explicitFileType = wrapper.framework; includeInIndex = 0; path = Pods_NGAFrameworkTests.framework; sourceTree = BUILT_PRODUCTS_DIR; };
		821662FF1C9611B900493594 /* NGAFontNames.swift */ = {isa = PBXFileReference; fileEncoding = 4; lastKnownFileType = sourcecode.swift; path = NGAFontNames.swift; sourceTree = "<group>"; };
		821663001C9611B900493594 /* NGATypeAliases.swift */ = {isa = PBXFileReference; fileEncoding = 4; lastKnownFileType = sourcecode.swift; path = NGATypeAliases.swift; sourceTree = "<group>"; };
		821663011C9611B900493594 /* NGAExtensions.swift */ = {isa = PBXFileReference; fileEncoding = 4; lastKnownFileType = sourcecode.swift; path = NGAExtensions.swift; sourceTree = "<group>"; };
		821663021C9611B900493594 /* NGAGradientView.swift */ = {isa = PBXFileReference; fileEncoding = 4; lastKnownFileType = sourcecode.swift; path = NGAGradientView.swift; sourceTree = "<group>"; };
		821663031C9611B900493594 /* NGAContainerViews.swift */ = {isa = PBXFileReference; fileEncoding = 4; lastKnownFileType = sourcecode.swift; path = NGAContainerViews.swift; sourceTree = "<group>"; };
		821663041C9611B900493594 /* NGANavigationController.swift */ = {isa = PBXFileReference; fileEncoding = 4; lastKnownFileType = sourcecode.swift; path = NGANavigationController.swift; sourceTree = "<group>"; };
		821663081C9611B900493594 /* NGASwitchBar.swift */ = {isa = PBXFileReference; fileEncoding = 4; lastKnownFileType = sourcecode.swift; path = NGASwitchBar.swift; sourceTree = "<group>"; };
		821663091C9611B900493594 /* NGACollectionViewController.swift */ = {isa = PBXFileReference; fileEncoding = 4; lastKnownFileType = sourcecode.swift; path = NGACollectionViewController.swift; sourceTree = "<group>"; };
		8216630A1C9611B900493594 /* NGATableViewController.swift */ = {isa = PBXFileReference; fileEncoding = 4; lastKnownFileType = sourcecode.swift; path = NGATableViewController.swift; sourceTree = "<group>"; };
		8216630B1C9611B900493594 /* NGASegmentedViewController.swift */ = {isa = PBXFileReference; fileEncoding = 4; lastKnownFileType = sourcecode.swift; path = NGASegmentedViewController.swift; sourceTree = "<group>"; };
		8216630C1C9611B900493594 /* NGAParallaxCollectionViewController.swift */ = {isa = PBXFileReference; fileEncoding = 4; lastKnownFileType = sourcecode.swift; path = NGAParallaxCollectionViewController.swift; sourceTree = "<group>"; };
		8216630D1C9611B900493594 /* NGAViewController.swift */ = {isa = PBXFileReference; fileEncoding = 4; lastKnownFileType = sourcecode.swift; path = NGAViewController.swift; sourceTree = "<group>"; };
		8216630E1C9611B900493594 /* NGAWKWebViewController.swift */ = {isa = PBXFileReference; fileEncoding = 4; lastKnownFileType = sourcecode.swift; path = NGAWKWebViewController.swift; sourceTree = "<group>"; };
		821663241C9611D400493594 /* NGATextCollectionViewController.swift */ = {isa = PBXFileReference; fileEncoding = 4; lastKnownFileType = sourcecode.swift; path = NGATextCollectionViewController.swift; sourceTree = "<group>"; };
		821663251C9611D400493594 /* NGAConfig.swift */ = {isa = PBXFileReference; fileEncoding = 4; lastKnownFileType = sourcecode.swift; path = NGAConfig.swift; sourceTree = "<group>"; };
		821663261C9611D400493594 /* NGASwitchBarTableViewController.swift */ = {isa = PBXFileReference; fileEncoding = 4; lastKnownFileType = sourcecode.swift; path = NGASwitchBarTableViewController.swift; sourceTree = "<group>"; };
		821663271C9611D400493594 /* NGAArranger.swift */ = {isa = PBXFileReference; fileEncoding = 4; lastKnownFileType = sourcecode.swift; path = NGAArranger.swift; sourceTree = "<group>"; };
		821663351C96147800493594 /* AppDelegate.swift */ = {isa = PBXFileReference; fileEncoding = 4; lastKnownFileType = sourcecode.swift; path = AppDelegate.swift; sourceTree = "<group>"; };
		8216633D1C9616DA00493594 /* NGAPseudoDictionary.swift */ = {isa = PBXFileReference; fileEncoding = 4; lastKnownFileType = sourcecode.swift; path = NGAPseudoDictionary.swift; sourceTree = "<group>"; };
		821663431C96183B00493594 /* StringExtension.swift */ = {isa = PBXFileReference; fileEncoding = 4; lastKnownFileType = sourcecode.swift; path = StringExtension.swift; sourceTree = "<group>"; };
		821663451C96564000493594 /* Operators.swift */ = {isa = PBXFileReference; fileEncoding = 4; lastKnownFileType = sourcecode.swift; path = Operators.swift; sourceTree = "<group>"; };
		821663471C9657E000493594 /* OptionalExtension.swift */ = {isa = PBXFileReference; fileEncoding = 4; lastKnownFileType = sourcecode.swift; path = OptionalExtension.swift; sourceTree = "<group>"; };
		821663491C965A6400493594 /* ArrayExtension.swift */ = {isa = PBXFileReference; fileEncoding = 4; lastKnownFileType = sourcecode.swift; path = ArrayExtension.swift; sourceTree = "<group>"; };
		8216634B1C965A8E00493594 /* DictionaryExtension.swift */ = {isa = PBXFileReference; fileEncoding = 4; lastKnownFileType = sourcecode.swift; path = DictionaryExtension.swift; sourceTree = "<group>"; };
		82237F9D1C98DF3B0069153C /* Formable.swift */ = {isa = PBXFileReference; fileEncoding = 4; lastKnownFileType = sourcecode.swift; path = Formable.swift; sourceTree = "<group>"; };
		822B45341CDA90FD007C1431 /* RawRepresntableExtension.swift */ = {isa = PBXFileReference; fileEncoding = 4; lastKnownFileType = sourcecode.swift; path = RawRepresntableExtension.swift; sourceTree = "<group>"; };
		82332D451E528DA60007CB52 /* BoolExtension.swift */ = {isa = PBXFileReference; fileEncoding = 4; lastKnownFileType = sourcecode.swift; path = BoolExtension.swift; sourceTree = "<group>"; };
		82332D4B1E52C4F70007CB52 /* NGAFrameworkTests.xctest */ = {isa = PBXFileReference; explicitFileType = wrapper.cfbundle; includeInIndex = 0; path = NGAFrameworkTests.xctest; sourceTree = BUILT_PRODUCTS_DIR; };
		82332D4D1E52C4F80007CB52 /* NGAFrameworkTests.swift */ = {isa = PBXFileReference; lastKnownFileType = sourcecode.swift; path = NGAFrameworkTests.swift; sourceTree = "<group>"; };
		82332D4F1E52C4F80007CB52 /* Info.plist */ = {isa = PBXFileReference; lastKnownFileType = text.plist.xml; path = Info.plist; sourceTree = "<group>"; };
		826DE6BE1CAAC79300F7323D /* CompassView.swift */ = {isa = PBXFileReference; fileEncoding = 4; lastKnownFileType = sourcecode.swift; path = CompassView.swift; sourceTree = "<group>"; };
		8273F1771CAED62C00F1A45C /* CoreLocationExtensions.swift */ = {isa = PBXFileReference; fileEncoding = 4; lastKnownFileType = sourcecode.swift; path = CoreLocationExtensions.swift; sourceTree = "<group>"; };
		8274A58B1C9C99C200CAC913 /* README.md */ = {isa = PBXFileReference; lastKnownFileType = net.daringfireball.markdown; path = README.md; sourceTree = "<group>"; };
		827518111CC85EFD0039289D /* StandardObjects.swift */ = {isa = PBXFileReference; fileEncoding = 4; lastKnownFileType = sourcecode.swift; path = StandardObjects.swift; sourceTree = "<group>"; };
		827619CC1CADCBC500544A98 /* UICollectionViewExtensions.swift */ = {isa = PBXFileReference; fileEncoding = 4; lastKnownFileType = sourcecode.swift; path = UICollectionViewExtensions.swift; sourceTree = "<group>"; };
		8276F0211CB59FA80070FDC6 /* UIViewControllerExtension.swift */ = {isa = PBXFileReference; fileEncoding = 4; lastKnownFileType = sourcecode.swift; path = UIViewControllerExtension.swift; sourceTree = "<group>"; };
		828817981CC8197100602B7E /* Loggable.swift */ = {isa = PBXFileReference; fileEncoding = 4; lastKnownFileType = sourcecode.swift; path = Loggable.swift; sourceTree = "<group>"; };
		828DAE941C96075400EEDE1B /* NGAFramework.framework */ = {isa = PBXFileReference; explicitFileType = wrapper.framework; includeInIndex = 0; path = NGAFramework.framework; sourceTree = BUILT_PRODUCTS_DIR; };
		828DAE971C96075400EEDE1B /* NGAFramework.h */ = {isa = PBXFileReference; lastKnownFileType = sourcecode.c.h; path = NGAFramework.h; sourceTree = "<group>"; };
		828DAE991C96075400EEDE1B /* Info.plist */ = {isa = PBXFileReference; lastKnownFileType = text.plist.xml; path = Info.plist; sourceTree = "<group>"; };
		829046FC1C965DDD00EF27F5 /* UINavigationControllerExtension.swift */ = {isa = PBXFileReference; fileEncoding = 4; lastKnownFileType = sourcecode.swift; path = UINavigationControllerExtension.swift; sourceTree = "<group>"; };
		829047031C96600200EF27F5 /* UIViewExtension.swift */ = {isa = PBXFileReference; fileEncoding = 4; lastKnownFileType = sourcecode.swift; path = UIViewExtension.swift; sourceTree = "<group>"; };
		829047051C96626C00EF27F5 /* UILabelExtension.swift */ = {isa = PBXFileReference; fileEncoding = 4; lastKnownFileType = sourcecode.swift; path = UILabelExtension.swift; sourceTree = "<group>"; };
		829047071C96629700EF27F5 /* UIImageExtension.swift */ = {isa = PBXFileReference; fileEncoding = 4; lastKnownFileType = sourcecode.swift; path = UIImageExtension.swift; sourceTree = "<group>"; };
		829047091C9662A400EF27F5 /* UIFontExtension.swift */ = {isa = PBXFileReference; fileEncoding = 4; lastKnownFileType = sourcecode.swift; path = UIFontExtension.swift; sourceTree = "<group>"; };
		8290470B1C9662F400EF27F5 /* UIColorExtension.swift */ = {isa = PBXFileReference; fileEncoding = 4; lastKnownFileType = sourcecode.swift; path = UIColorExtension.swift; sourceTree = "<group>"; };
		8290470D1C9678DD00EF27F5 /* NSTimerExtension.swift */ = {isa = PBXFileReference; fileEncoding = 4; lastKnownFileType = sourcecode.swift; path = NSTimerExtension.swift; sourceTree = "<group>"; };
		8290470F1C9678F200EF27F5 /* UIAlertControllerExtension.swift */ = {isa = PBXFileReference; fileEncoding = 4; lastKnownFileType = sourcecode.swift; path = UIAlertControllerExtension.swift; sourceTree = "<group>"; };
		829047111C967D9E00EF27F5 /* UIButtonExtension.swift */ = {isa = PBXFileReference; fileEncoding = 4; lastKnownFileType = sourcecode.swift; path = UIButtonExtension.swift; sourceTree = "<group>"; };
		829047131C967DB400EF27F5 /* UIntExtension.swift */ = {isa = PBXFileReference; fileEncoding = 4; lastKnownFileType = sourcecode.swift; path = UIntExtension.swift; sourceTree = "<group>"; };
		829047151C967DEA00EF27F5 /* UIScrollViewExtension.swift */ = {isa = PBXFileReference; fileEncoding = 4; lastKnownFileType = sourcecode.swift; path = UIScrollViewExtension.swift; sourceTree = "<group>"; };
		829047171C96800400EF27F5 /* CGRectExtension.swift */ = {isa = PBXFileReference; fileEncoding = 4; lastKnownFileType = sourcecode.swift; path = CGRectExtension.swift; sourceTree = "<group>"; };
		829047191C96801500EF27F5 /* CGSizeExtension.swift */ = {isa = PBXFileReference; fileEncoding = 4; lastKnownFileType = sourcecode.swift; path = CGSizeExtension.swift; sourceTree = "<group>"; };
		8290471B1C96808D00EF27F5 /* NSExtensions.swift */ = {isa = PBXFileReference; fileEncoding = 4; lastKnownFileType = sourcecode.swift; path = NSExtensions.swift; sourceTree = "<group>"; };
		8290471D1C9680D300EF27F5 /* NSDateExtension.swift */ = {isa = PBXFileReference; fileEncoding = 4; lastKnownFileType = sourcecode.swift; path = NSDateExtension.swift; sourceTree = "<group>"; };
		8290471F1C9682F700EF27F5 /* BasicConversionExtensions.swift */ = {isa = PBXFileReference; fileEncoding = 4; lastKnownFileType = sourcecode.swift; path = BasicConversionExtensions.swift; sourceTree = "<group>"; };
		829349381C9B76C7005BB4DE /* APIHandler.swift */ = {isa = PBXFileReference; fileEncoding = 4; lastKnownFileType = sourcecode.swift; path = APIHandler.swift; sourceTree = "<group>"; };
		829666331D861CFA00FA64D6 /* UIKit.framework */ = {isa = PBXFileReference; lastKnownFileType = wrapper.framework; name = UIKit.framework; path = System/Library/Frameworks/UIKit.framework; sourceTree = SDKROOT; };
		829993481CAA02BC002ABDDE /* NGAView.swift */ = {isa = PBXFileReference; fileEncoding = 4; lastKnownFileType = sourcecode.swift; path = NGAView.swift; sourceTree = "<group>"; };
		82AAD9381CA0D03000587401 /* XMLParser.swift */ = {isa = PBXFileReference; fileEncoding = 4; lastKnownFileType = sourcecode.swift; path = XMLParser.swift; sourceTree = "<group>"; };
		82C43B8A1D861FEC00C10FC8 /* NGAFramework.playground */ = {isa = PBXFileReference; lastKnownFileType = file.playground; path = NGAFramework.playground; sourceTree = "<group>"; };
		82E3A3411CB43C47008F7E15 /* IntExtension.swift */ = {isa = PBXFileReference; fileEncoding = 4; lastKnownFileType = sourcecode.swift; path = IntExtension.swift; sourceTree = "<group>"; };
		9B9E4D313060FB89C85138F4 /* Pods-NGAFramework.release.xcconfig */ = {isa = PBXFileReference; includeInIndex = 1; lastKnownFileType = text.xcconfig; name = "Pods-NGAFramework.release.xcconfig"; path = "Pods/Target Support Files/Pods-NGAFramework/Pods-NGAFramework.release.xcconfig"; sourceTree = "<group>"; };
		A099B45E3517ABD12FD43585 /* Pods_NGAFramework.framework */ = {isa = PBXFileReference; explicitFileType = wrapper.framework; includeInIndex = 0; path = Pods_NGAFramework.framework; sourceTree = BUILT_PRODUCTS_DIR; };
		B1625404066A257036268AFE /* Pods-NGAFrameworkTests.debug.xcconfig */ = {isa = PBXFileReference; includeInIndex = 1; lastKnownFileType = text.xcconfig; name = "Pods-NGAFrameworkTests.debug.xcconfig"; path = "Pods/Target Support Files/Pods-NGAFrameworkTests/Pods-NGAFrameworkTests.debug.xcconfig"; sourceTree = "<group>"; };
		C2DA2BAEADB143C5E4E8EA07 /* Pods-NGAFrameworkTests.release.xcconfig */ = {isa = PBXFileReference; includeInIndex = 1; lastKnownFileType = text.xcconfig; name = "Pods-NGAFrameworkTests.release.xcconfig"; path = "Pods/Target Support Files/Pods-NGAFrameworkTests/Pods-NGAFrameworkTests.release.xcconfig"; sourceTree = "<group>"; };
/* End PBXFileReference section */

/* Begin PBXFrameworksBuildPhase section */
		82332D481E52C4F70007CB52 /* Frameworks */ = {
			isa = PBXFrameworksBuildPhase;
			buildActionMask = 2147483647;
			files = (
				82332D501E52C4F80007CB52 /* NGAFramework.framework in Frameworks */,
				DAD9E0CE855D62C3469978DE /* Pods_NGAFrameworkTests.framework in Frameworks */,
			);
			runOnlyForDeploymentPostprocessing = 0;
		};
		828DAE901C96075400EEDE1B /* Frameworks */ = {
			isa = PBXFrameworksBuildPhase;
			buildActionMask = 2147483647;
			files = (
				D8405EE18C54B49DED7D01AC /* Pods_NGAFramework.framework in Frameworks */,
			);
			runOnlyForDeploymentPostprocessing = 0;
		};
/* End PBXFrameworksBuildPhase section */

/* Begin PBXGroup section */
		8216633B1C9615F500493594 /* Private */ = {
			isa = PBXGroup;
			children = (
				821663351C96147800493594 /* AppDelegate.swift */,
			);
			path = Private;
			sourceTree = "<group>";
		};
		8216633F1C96171000493594 /* View Controllers */ = {
			isa = PBXGroup;
			children = (
				821663091C9611B900493594 /* NGACollectionViewController.swift */,
				821663041C9611B900493594 /* NGANavigationController.swift */,
				8216630C1C9611B900493594 /* NGAParallaxCollectionViewController.swift */,
				8216630B1C9611B900493594 /* NGASegmentedViewController.swift */,
				821663261C9611D400493594 /* NGASwitchBarTableViewController.swift */,
				8216630A1C9611B900493594 /* NGATableViewController.swift */,
				821663241C9611D400493594 /* NGATextCollectionViewController.swift */,
				8216630D1C9611B900493594 /* NGAViewController.swift */,
				8216630E1C9611B900493594 /* NGAWKWebViewController.swift */,
			);
			path = "View Controllers";
			sourceTree = "<group>";
		};
		821663401C96173600493594 /* UI */ = {
			isa = PBXGroup;
			children = (
				8216633F1C96171000493594 /* View Controllers */,
				821663421C96175000493594 /* Views */,
			);
			path = UI;
			sourceTree = "<group>";
		};
		821663411C96174000493594 /* Extensions */ = {
			isa = PBXGroup;
			children = (
				821663491C965A6400493594 /* ArrayExtension.swift */,
				8290471F1C9682F700EF27F5 /* BasicConversionExtensions.swift */,
				829047171C96800400EF27F5 /* CGRectExtension.swift */,
				829047191C96801500EF27F5 /* CGSizeExtension.swift */,
				8273F1771CAED62C00F1A45C /* CoreLocationExtensions.swift */,
				8216634B1C965A8E00493594 /* DictionaryExtension.swift */,
				82332D451E528DA60007CB52 /* BoolExtension.swift */,
				82E3A3411CB43C47008F7E15 /* IntExtension.swift */,
				828817981CC8197100602B7E /* Loggable.swift */,
				821663011C9611B900493594 /* NGAExtensions.swift */,
				8290471D1C9680D300EF27F5 /* NSDateExtension.swift */,
				8290471B1C96808D00EF27F5 /* NSExtensions.swift */,
				8290470D1C9678DD00EF27F5 /* NSTimerExtension.swift */,
				821663471C9657E000493594 /* OptionalExtension.swift */,
				822B45341CDA90FD007C1431 /* RawRepresntableExtension.swift */,
				827518111CC85EFD0039289D /* StandardObjects.swift */,
				821663431C96183B00493594 /* StringExtension.swift */,
				8290470F1C9678F200EF27F5 /* UIAlertControllerExtension.swift */,
				829047111C967D9E00EF27F5 /* UIButtonExtension.swift */,
				827619CC1CADCBC500544A98 /* UICollectionViewExtensions.swift */,
				8290470B1C9662F400EF27F5 /* UIColorExtension.swift */,
				829047091C9662A400EF27F5 /* UIFontExtension.swift */,
				829047071C96629700EF27F5 /* UIImageExtension.swift */,
				829047051C96626C00EF27F5 /* UILabelExtension.swift */,
				829046FC1C965DDD00EF27F5 /* UINavigationControllerExtension.swift */,
				829047151C967DEA00EF27F5 /* UIScrollViewExtension.swift */,
				8276F0211CB59FA80070FDC6 /* UIViewControllerExtension.swift */,
				829047031C96600200EF27F5 /* UIViewExtension.swift */,
				829047131C967DB400EF27F5 /* UIntExtension.swift */,
			);
			path = Extensions;
			sourceTree = "<group>";
		};
		821663421C96175000493594 /* Views */ = {
			isa = PBXGroup;
			children = (
				826DE6BE1CAAC79300F7323D /* CompassView.swift */,
				821663031C9611B900493594 /* NGAContainerViews.swift */,
				821663021C9611B900493594 /* NGAGradientView.swift */,
				821663081C9611B900493594 /* NGASwitchBar.swift */,
				829993481CAA02BC002ABDDE /* NGAView.swift */,
			);
			path = Views;
			sourceTree = "<group>";
		};
		82180F511D3693B2007AC0F2 /* API */ = {
			isa = PBXGroup;
			children = (
				82AAD9381CA0D03000587401 /* XMLParser.swift */,
				829349381C9B76C7005BB4DE /* APIHandler.swift */,
			);
			name = API;
			sourceTree = "<group>";
		};
		82332D4C1E52C4F80007CB52 /* NGAFrameworkTests */ = {
			isa = PBXGroup;
			children = (
				82332D4D1E52C4F80007CB52 /* NGAFrameworkTests.swift */,
				82332D4F1E52C4F80007CB52 /* Info.plist */,
			);
			path = NGAFrameworkTests;
			sourceTree = "<group>";
		};
		828DAE8A1C96075400EEDE1B = {
			isa = PBXGroup;
			children = (
				82C43B8A1D861FEC00C10FC8 /* NGAFramework.playground */,
				828DAE961C96075400EEDE1B /* NGAFramework */,
				8216633B1C9615F500493594 /* Private */,
				82332D4C1E52C4F80007CB52 /* NGAFrameworkTests */,
				828DAE951C96075400EEDE1B /* Products */,
				8274A58B1C9C99C200CAC913 /* README.md */,
				829666321D861CFA00FA64D6 /* Frameworks */,
				D153A8887A81168CBA8ECA2B /* Pods */,
			);
			sourceTree = "<group>";
		};
		828DAE951C96075400EEDE1B /* Products */ = {
			isa = PBXGroup;
			children = (
				828DAE941C96075400EEDE1B /* NGAFramework.framework */,
				82332D4B1E52C4F70007CB52 /* NGAFrameworkTests.xctest */,
			);
			name = Products;
			sourceTree = "<group>";
		};
		828DAE961C96075400EEDE1B /* NGAFramework */ = {
			isa = PBXGroup;
			children = (
				821663411C96174000493594 /* Extensions */,
				821663401C96173600493594 /* UI */,
				82180F511D3693B2007AC0F2 /* API */,
				82237F9D1C98DF3B0069153C /* Formable.swift */,
				828DAE991C96075400EEDE1B /* Info.plist */,
				821663271C9611D400493594 /* NGAArranger.swift */,
				821663251C9611D400493594 /* NGAConfig.swift */,
				821662FF1C9611B900493594 /* NGAFontNames.swift */,
				828DAE971C96075400EEDE1B /* NGAFramework.h */,
				8216633D1C9616DA00493594 /* NGAPseudoDictionary.swift */,
				821663001C9611B900493594 /* NGATypeAliases.swift */,
				821663451C96564000493594 /* Operators.swift */,
			);
			path = NGAFramework;
			sourceTree = "<group>";
		};
		829666321D861CFA00FA64D6 /* Frameworks */ = {
			isa = PBXGroup;
			children = (
				829666331D861CFA00FA64D6 /* UIKit.framework */,
				A099B45E3517ABD12FD43585 /* Pods_NGAFramework.framework */,
				61F6BCFCDB9852BC09C154BE /* Pods_NGAFrameworkTests.framework */,
			);
			name = Frameworks;
			sourceTree = "<group>";
		};
		D153A8887A81168CBA8ECA2B /* Pods */ = {
			isa = PBXGroup;
			children = (
				231DBBF115B36BA2B09BA598 /* Pods-NGAFramework.debug.xcconfig */,
				9B9E4D313060FB89C85138F4 /* Pods-NGAFramework.release.xcconfig */,
				B1625404066A257036268AFE /* Pods-NGAFrameworkTests.debug.xcconfig */,
				C2DA2BAEADB143C5E4E8EA07 /* Pods-NGAFrameworkTests.release.xcconfig */,
			);
			name = Pods;
			sourceTree = "<group>";
		};
/* End PBXGroup section */

/* Begin PBXHeadersBuildPhase section */
		828DAE911C96075400EEDE1B /* Headers */ = {
			isa = PBXHeadersBuildPhase;
			buildActionMask = 2147483647;
			files = (
				828DAE981C96075400EEDE1B /* NGAFramework.h in Headers */,
			);
			runOnlyForDeploymentPostprocessing = 0;
		};
/* End PBXHeadersBuildPhase section */

/* Begin PBXNativeTarget section */
		82332D4A1E52C4F70007CB52 /* NGAFrameworkTests */ = {
			isa = PBXNativeTarget;
			buildConfigurationList = 82332D531E52C4F80007CB52 /* Build configuration list for PBXNativeTarget "NGAFrameworkTests" */;
			buildPhases = (
				37E8E030E780419D1ECEA2B4 /* [CP] Check Pods Manifest.lock */,
				82332D471E52C4F70007CB52 /* Sources */,
				82332D481E52C4F70007CB52 /* Frameworks */,
				82332D491E52C4F70007CB52 /* Resources */,
				D60778043B5FE36A1B641BDE /* [CP] Embed Pods Frameworks */,
				0F604C89084F35E9188091FE /* [CP] Copy Pods Resources */,
			);
			buildRules = (
			);
			dependencies = (
				82332D521E52C4F80007CB52 /* PBXTargetDependency */,
			);
			name = NGAFrameworkTests;
			productName = NGAFrameworkTests;
			productReference = 82332D4B1E52C4F70007CB52 /* NGAFrameworkTests.xctest */;
			productType = "com.apple.product-type.bundle.unit-test";
		};
		828DAE931C96075400EEDE1B /* NGAFramework */ = {
			isa = PBXNativeTarget;
			buildConfigurationList = 828DAE9C1C96075400EEDE1B /* Build configuration list for PBXNativeTarget "NGAFramework" */;
			buildPhases = (
				14859E30890057875FD1CD41 /* [CP] Check Pods Manifest.lock */,
				828DAE8F1C96075400EEDE1B /* Sources */,
				828DAE901C96075400EEDE1B /* Frameworks */,
				828DAE911C96075400EEDE1B /* Headers */,
				828DAE921C96075400EEDE1B /* Resources */,
				B76A4F0CDA7541CDEF4D937E /* [CP] Copy Pods Resources */,
			);
			buildRules = (
			);
			dependencies = (
			);
			name = NGAFramework;
			productName = NGAFramework;
			productReference = 828DAE941C96075400EEDE1B /* NGAFramework.framework */;
			productType = "com.apple.product-type.framework";
		};
/* End PBXNativeTarget section */

/* Begin PBXProject section */
		828DAE8B1C96075400EEDE1B /* Project object */ = {
			isa = PBXProject;
			attributes = {
				LastSwiftUpdateCheck = 0820;
				LastUpgradeCheck = 0800;
				ORGANIZATIONNAME = "NextGen Apps LLC";
				TargetAttributes = {
					82332D4A1E52C4F70007CB52 = {
						CreatedOnToolsVersion = 8.2.1;
						DevelopmentTeam = DBEN48MJ4X;
						ProvisioningStyle = Automatic;
					};
					828DAE931C96075400EEDE1B = {
						CreatedOnToolsVersion = 7.2.1;
						LastSwiftMigration = 0820;
					};
				};
			};
			buildConfigurationList = 828DAE8E1C96075400EEDE1B /* Build configuration list for PBXProject "NGAFramework" */;
			compatibilityVersion = "Xcode 3.2";
			developmentRegion = English;
			hasScannedForEncodings = 0;
			knownRegions = (
				en,
			);
			mainGroup = 828DAE8A1C96075400EEDE1B;
			productRefGroup = 828DAE951C96075400EEDE1B /* Products */;
			projectDirPath = "";
			projectRoot = "";
			targets = (
				828DAE931C96075400EEDE1B /* NGAFramework */,
				82332D4A1E52C4F70007CB52 /* NGAFrameworkTests */,
			);
		};
/* End PBXProject section */

/* Begin PBXResourcesBuildPhase section */
		82332D491E52C4F70007CB52 /* Resources */ = {
			isa = PBXResourcesBuildPhase;
			buildActionMask = 2147483647;
			files = (
			);
			runOnlyForDeploymentPostprocessing = 0;
		};
		828DAE921C96075400EEDE1B /* Resources */ = {
			isa = PBXResourcesBuildPhase;
			buildActionMask = 2147483647;
			files = (
			);
			runOnlyForDeploymentPostprocessing = 0;
		};
/* End PBXResourcesBuildPhase section */

/* Begin PBXShellScriptBuildPhase section */
		0F604C89084F35E9188091FE /* [CP] Copy Pods Resources */ = {
			isa = PBXShellScriptBuildPhase;
			buildActionMask = 2147483647;
			files = (
			);
			inputPaths = (
			);
			name = "[CP] Copy Pods Resources";
			outputPaths = (
			);
			runOnlyForDeploymentPostprocessing = 0;
			shellPath = /bin/sh;
			shellScript = "\"${SRCROOT}/Pods/Target Support Files/Pods-NGAFrameworkTests/Pods-NGAFrameworkTests-resources.sh\"\n";
			showEnvVarsInLog = 0;
		};
		14859E30890057875FD1CD41 /* [CP] Check Pods Manifest.lock */ = {
			isa = PBXShellScriptBuildPhase;
			buildActionMask = 2147483647;
			files = (
			);
			inputPaths = (
			);
			name = "[CP] Check Pods Manifest.lock";
			outputPaths = (
			);
			runOnlyForDeploymentPostprocessing = 0;
			shellPath = /bin/sh;
			shellScript = "diff \"${PODS_ROOT}/../Podfile.lock\" \"${PODS_ROOT}/Manifest.lock\" > /dev/null\nif [ $? != 0 ] ; then\n    # print error to STDERR\n    echo \"error: The sandbox is not in sync with the Podfile.lock. Run 'pod install' or update your CocoaPods installation.\" >&2\n    exit 1\nfi\n";
			showEnvVarsInLog = 0;
		};
		37E8E030E780419D1ECEA2B4 /* [CP] Check Pods Manifest.lock */ = {
			isa = PBXShellScriptBuildPhase;
			buildActionMask = 2147483647;
			files = (
			);
			inputPaths = (
			);
			name = "[CP] Check Pods Manifest.lock";
			outputPaths = (
			);
			runOnlyForDeploymentPostprocessing = 0;
			shellPath = /bin/sh;
			shellScript = "diff \"${PODS_ROOT}/../Podfile.lock\" \"${PODS_ROOT}/Manifest.lock\" > /dev/null\nif [ $? != 0 ] ; then\n    # print error to STDERR\n    echo \"error: The sandbox is not in sync with the Podfile.lock. Run 'pod install' or update your CocoaPods installation.\" >&2\n    exit 1\nfi\n";
			showEnvVarsInLog = 0;
		};
		B76A4F0CDA7541CDEF4D937E /* [CP] Copy Pods Resources */ = {
			isa = PBXShellScriptBuildPhase;
			buildActionMask = 2147483647;
			files = (
			);
			inputPaths = (
			);
			name = "[CP] Copy Pods Resources";
			outputPaths = (
			);
			runOnlyForDeploymentPostprocessing = 0;
			shellPath = /bin/sh;
			shellScript = "\"${SRCROOT}/Pods/Target Support Files/Pods-NGAFramework/Pods-NGAFramework-resources.sh\"\n";
			showEnvVarsInLog = 0;
		};
		D60778043B5FE36A1B641BDE /* [CP] Embed Pods Frameworks */ = {
			isa = PBXShellScriptBuildPhase;
			buildActionMask = 2147483647;
			files = (
			);
			inputPaths = (
			);
			name = "[CP] Embed Pods Frameworks";
			outputPaths = (
			);
			runOnlyForDeploymentPostprocessing = 0;
			shellPath = /bin/sh;
			shellScript = "\"${SRCROOT}/Pods/Target Support Files/Pods-NGAFrameworkTests/Pods-NGAFrameworkTests-frameworks.sh\"\n";
			showEnvVarsInLog = 0;
		};
/* End PBXShellScriptBuildPhase section */

/* Begin PBXSourcesBuildPhase section */
		82332D471E52C4F70007CB52 /* Sources */ = {
			isa = PBXSourcesBuildPhase;
			buildActionMask = 2147483647;
			files = (
				82332D4E1E52C4F80007CB52 /* NGAFrameworkTests.swift in Sources */,
			);
			runOnlyForDeploymentPostprocessing = 0;
		};
		828DAE8F1C96075400EEDE1B /* Sources */ = {
			isa = PBXSourcesBuildPhase;
			buildActionMask = 2147483647;
			files = (
				8216632B1C9611D400493594 /* NGATextCollectionViewController.swift in Sources */,
				821663211C9611B900493594 /* NGAWKWebViewController.swift in Sources */,
				8216632D1C9611D400493594 /* NGASwitchBarTableViewController.swift in Sources */,
				829047181C96800400EF27F5 /* CGRectExtension.swift in Sources */,
				82332D461E528DA60007CB52 /* BoolExtension.swift in Sources */,
				829046FD1C965DDD00EF27F5 /* UINavigationControllerExtension.swift in Sources */,
				82E3A3421CB43C47008F7E15 /* IntExtension.swift in Sources */,
				829047201C9682F700EF27F5 /* BasicConversionExtensions.swift in Sources */,
				826DE6BF1CAAC79300F7323D /* CompassView.swift in Sources */,
				829349391C9B76C7005BB4DE /* APIHandler.swift in Sources */,
				827619CD1CADCBC500544A98 /* UICollectionViewExtensions.swift in Sources */,
				8290471E1C9680D300EF27F5 /* NSDateExtension.swift in Sources */,
				8273F1781CAED62C00F1A45C /* CoreLocationExtensions.swift in Sources */,
				8290470E1C9678DD00EF27F5 /* NSTimerExtension.swift in Sources */,
				8216632E1C9611D400493594 /* NGAArranger.swift in Sources */,
				822B45351CDA90FD007C1431 /* RawRepresntableExtension.swift in Sources */,
				829993491CAA02BC002ABDDE /* NGAView.swift in Sources */,
				829047041C96600200EF27F5 /* UIViewExtension.swift in Sources */,
				829047121C967D9E00EF27F5 /* UIButtonExtension.swift in Sources */,
				8290471C1C96808D00EF27F5 /* NSExtensions.swift in Sources */,
				8216632C1C9611D400493594 /* NGAConfig.swift in Sources */,
				829047141C967DB400EF27F5 /* UIntExtension.swift in Sources */,
				82237F9E1C98DF3B0069153C /* Formable.swift in Sources */,
				821663161C9611B900493594 /* NGAContainerViews.swift in Sources */,
				828817991CC8197100602B7E /* Loggable.swift in Sources */,
				8216631E1C9611B900493594 /* NGASegmentedViewController.swift in Sources */,
				821663171C9611B900493594 /* NGANavigationController.swift in Sources */,
				82AAD9391CA0D03000587401 /* XMLParser.swift in Sources */,
				821663141C9611B900493594 /* NGAExtensions.swift in Sources */,
				8290471A1C96801500EF27F5 /* CGSizeExtension.swift in Sources */,
				821663361C96147800493594 /* AppDelegate.swift in Sources */,
				821663131C9611B900493594 /* NGATypeAliases.swift in Sources */,
				821663201C9611B900493594 /* NGAViewController.swift in Sources */,
				8216633E1C9616DA00493594 /* NGAPseudoDictionary.swift in Sources */,
				829047081C96629700EF27F5 /* UIImageExtension.swift in Sources */,
				821663461C96564000493594 /* Operators.swift in Sources */,
				821663151C9611B900493594 /* NGAGradientView.swift in Sources */,
				827518121CC85EFD0039289D /* StandardObjects.swift in Sources */,
				8290470C1C9662F400EF27F5 /* UIColorExtension.swift in Sources */,
				8216631F1C9611B900493594 /* NGAParallaxCollectionViewController.swift in Sources */,
				821663481C9657E000493594 /* OptionalExtension.swift in Sources */,
				8276F0221CB59FA80070FDC6 /* UIViewControllerExtension.swift in Sources */,
				829047161C967DEA00EF27F5 /* UIScrollViewExtension.swift in Sources */,
				821663121C9611B900493594 /* NGAFontNames.swift in Sources */,
				8216631D1C9611B900493594 /* NGATableViewController.swift in Sources */,
				8216631C1C9611B900493594 /* NGACollectionViewController.swift in Sources */,
				8216634A1C965A6400493594 /* ArrayExtension.swift in Sources */,
				8216631B1C9611B900493594 /* NGASwitchBar.swift in Sources */,
				829047101C9678F200EF27F5 /* UIAlertControllerExtension.swift in Sources */,
				8216634C1C965A8E00493594 /* DictionaryExtension.swift in Sources */,
				8290470A1C9662A400EF27F5 /* UIFontExtension.swift in Sources */,
				821663441C96183B00493594 /* StringExtension.swift in Sources */,
				829047061C96626C00EF27F5 /* UILabelExtension.swift in Sources */,
			);
			runOnlyForDeploymentPostprocessing = 0;
		};
/* End PBXSourcesBuildPhase section */

/* Begin PBXTargetDependency section */
		82332D521E52C4F80007CB52 /* PBXTargetDependency */ = {
			isa = PBXTargetDependency;
			target = 828DAE931C96075400EEDE1B /* NGAFramework */;
			targetProxy = 82332D511E52C4F80007CB52 /* PBXContainerItemProxy */;
		};
/* End PBXTargetDependency section */

/* Begin XCBuildConfiguration section */
		82332D541E52C4F80007CB52 /* Debug */ = {
			isa = XCBuildConfiguration;
			baseConfigurationReference = B1625404066A257036268AFE /* Pods-NGAFrameworkTests.debug.xcconfig */;
			buildSettings = {
				CLANG_ANALYZER_NONNULL = YES;
				CLANG_WARN_DOCUMENTATION_COMMENTS = YES;
				DEVELOPMENT_TEAM = DBEN48MJ4X;
				INFOPLIST_FILE = NGAFrameworkTests/Info.plist;
				IPHONEOS_DEPLOYMENT_TARGET = 10.2;
				LD_RUNPATH_SEARCH_PATHS = "$(inherited) @executable_path/Frameworks @loader_path/Frameworks";
				PRODUCT_BUNDLE_IDENTIFIER = com.nextgenapps.jose.NGAFrameworkTests;
				PRODUCT_NAME = "$(TARGET_NAME)";
				SWIFT_ACTIVE_COMPILATION_CONDITIONS = DEBUG;
				SWIFT_VERSION = 3.0;
			};
			name = Debug;
		};
		82332D551E52C4F80007CB52 /* Release */ = {
			isa = XCBuildConfiguration;
			baseConfigurationReference = C2DA2BAEADB143C5E4E8EA07 /* Pods-NGAFrameworkTests.release.xcconfig */;
			buildSettings = {
				CLANG_ANALYZER_NONNULL = YES;
				CLANG_WARN_DOCUMENTATION_COMMENTS = YES;
				DEVELOPMENT_TEAM = DBEN48MJ4X;
				INFOPLIST_FILE = NGAFrameworkTests/Info.plist;
				IPHONEOS_DEPLOYMENT_TARGET = 10.2;
				LD_RUNPATH_SEARCH_PATHS = "$(inherited) @executable_path/Frameworks @loader_path/Frameworks";
				PRODUCT_BUNDLE_IDENTIFIER = com.nextgenapps.jose.NGAFrameworkTests;
				PRODUCT_NAME = "$(TARGET_NAME)";
				SWIFT_VERSION = 3.0;
			};
			name = Release;
		};
		828DAE9A1C96075400EEDE1B /* Debug */ = {
			isa = XCBuildConfiguration;
			buildSettings = {
				ALWAYS_SEARCH_USER_PATHS = NO;
				CLANG_CXX_LANGUAGE_STANDARD = "gnu++0x";
				CLANG_CXX_LIBRARY = "libc++";
				CLANG_ENABLE_MODULES = YES;
				CLANG_ENABLE_OBJC_ARC = YES;
				CLANG_WARN_BOOL_CONVERSION = YES;
				CLANG_WARN_CONSTANT_CONVERSION = YES;
				CLANG_WARN_DIRECT_OBJC_ISA_USAGE = YES_ERROR;
				CLANG_WARN_EMPTY_BODY = YES;
				CLANG_WARN_ENUM_CONVERSION = YES;
				CLANG_WARN_INFINITE_RECURSION = YES;
				CLANG_WARN_INT_CONVERSION = YES;
				CLANG_WARN_OBJC_ROOT_CLASS = YES_ERROR;
				CLANG_WARN_SUSPICIOUS_MOVE = YES;
				CLANG_WARN_UNREACHABLE_CODE = YES;
				CLANG_WARN__DUPLICATE_METHOD_MATCH = YES;
				"CODE_SIGN_IDENTITY[sdk=iphoneos*]" = "iPhone Developer";
				COPY_PHASE_STRIP = NO;
				CURRENT_PROJECT_VERSION = 1;
				DEBUG_INFORMATION_FORMAT = dwarf;
				ENABLE_STRICT_OBJC_MSGSEND = YES;
				ENABLE_TESTABILITY = YES;
				GCC_C_LANGUAGE_STANDARD = gnu99;
				GCC_DYNAMIC_NO_PIC = NO;
				GCC_NO_COMMON_BLOCKS = YES;
				GCC_OPTIMIZATION_LEVEL = 0;
				GCC_PREPROCESSOR_DEFINITIONS = (
					"DEBUG=1",
					"$(inherited)",
				);
				GCC_WARN_64_TO_32_BIT_CONVERSION = YES;
				GCC_WARN_ABOUT_RETURN_TYPE = YES_ERROR;
				GCC_WARN_UNDECLARED_SELECTOR = YES;
				GCC_WARN_UNINITIALIZED_AUTOS = YES_AGGRESSIVE;
				GCC_WARN_UNUSED_FUNCTION = YES;
				GCC_WARN_UNUSED_VARIABLE = YES;
				IPHONEOS_DEPLOYMENT_TARGET = 8.0;
				MTL_ENABLE_DEBUG_INFO = YES;
				ONLY_ACTIVE_ARCH = YES;
				SDKROOT = iphoneos;
				SWIFT_OPTIMIZATION_LEVEL = "-Onone";
				TARGETED_DEVICE_FAMILY = "1,2";
				VERSIONING_SYSTEM = "apple-generic";
				VERSION_INFO_PREFIX = "";
			};
			name = Debug;
		};
		828DAE9B1C96075400EEDE1B /* Release */ = {
			isa = XCBuildConfiguration;
			buildSettings = {
				ALWAYS_SEARCH_USER_PATHS = NO;
				CLANG_CXX_LANGUAGE_STANDARD = "gnu++0x";
				CLANG_CXX_LIBRARY = "libc++";
				CLANG_ENABLE_MODULES = YES;
				CLANG_ENABLE_OBJC_ARC = YES;
				CLANG_WARN_BOOL_CONVERSION = YES;
				CLANG_WARN_CONSTANT_CONVERSION = YES;
				CLANG_WARN_DIRECT_OBJC_ISA_USAGE = YES_ERROR;
				CLANG_WARN_EMPTY_BODY = YES;
				CLANG_WARN_ENUM_CONVERSION = YES;
				CLANG_WARN_INFINITE_RECURSION = YES;
				CLANG_WARN_INT_CONVERSION = YES;
				CLANG_WARN_OBJC_ROOT_CLASS = YES_ERROR;
				CLANG_WARN_SUSPICIOUS_MOVE = YES;
				CLANG_WARN_UNREACHABLE_CODE = YES;
				CLANG_WARN__DUPLICATE_METHOD_MATCH = YES;
				"CODE_SIGN_IDENTITY[sdk=iphoneos*]" = "iPhone Developer";
				COPY_PHASE_STRIP = NO;
				CURRENT_PROJECT_VERSION = 1;
				DEBUG_INFORMATION_FORMAT = "dwarf-with-dsym";
				ENABLE_NS_ASSERTIONS = NO;
				ENABLE_STRICT_OBJC_MSGSEND = YES;
				GCC_C_LANGUAGE_STANDARD = gnu99;
				GCC_NO_COMMON_BLOCKS = YES;
				GCC_WARN_64_TO_32_BIT_CONVERSION = YES;
				GCC_WARN_ABOUT_RETURN_TYPE = YES_ERROR;
				GCC_WARN_UNDECLARED_SELECTOR = YES;
				GCC_WARN_UNINITIALIZED_AUTOS = YES_AGGRESSIVE;
				GCC_WARN_UNUSED_FUNCTION = YES;
				GCC_WARN_UNUSED_VARIABLE = YES;
				IPHONEOS_DEPLOYMENT_TARGET = 8.0;
				MTL_ENABLE_DEBUG_INFO = NO;
				SDKROOT = iphoneos;
				SWIFT_OPTIMIZATION_LEVEL = "-Owholemodule";
				TARGETED_DEVICE_FAMILY = "1,2";
				VALIDATE_PRODUCT = YES;
				VERSIONING_SYSTEM = "apple-generic";
				VERSION_INFO_PREFIX = "";
			};
			name = Release;
		};
		828DAE9D1C96075400EEDE1B /* Debug */ = {
			isa = XCBuildConfiguration;
			baseConfigurationReference = 231DBBF115B36BA2B09BA598 /* Pods-NGAFramework.debug.xcconfig */;
			buildSettings = {
				APPLICATION_EXTENSION_API_ONLY = NO;
				CLANG_ENABLE_MODULES = YES;
				"CODE_SIGN_IDENTITY[sdk=iphoneos*]" = "";
				DEFINES_MODULE = YES;
				DYLIB_COMPATIBILITY_VERSION = 1;
				DYLIB_CURRENT_VERSION = 1;
				DYLIB_INSTALL_NAME_BASE = "@rpath";
				INFOPLIST_FILE = NGAFramework/Info.plist;
				INSTALL_PATH = "$(LOCAL_LIBRARY_DIR)/Frameworks";
				IPHONEOS_DEPLOYMENT_TARGET = 8.0;
				LD_RUNPATH_SEARCH_PATHS = "$(inherited) @executable_path/Frameworks @loader_path/Frameworks";
				PRODUCT_BUNDLE_IDENTIFIER = com.nextgenapps.jose.NGAFramework;
				PRODUCT_NAME = "$(TARGET_NAME)";
				SKIP_INSTALL = YES;
				SWIFT_OBJC_BRIDGING_HEADER = "";
				SWIFT_OPTIMIZATION_LEVEL = "-Onone";
				SWIFT_VERSION = 3.0;
			};
			name = Debug;
		};
		828DAE9E1C96075400EEDE1B /* Release */ = {
			isa = XCBuildConfiguration;
			baseConfigurationReference = 9B9E4D313060FB89C85138F4 /* Pods-NGAFramework.release.xcconfig */;
			buildSettings = {
				APPLICATION_EXTENSION_API_ONLY = NO;
				CLANG_ENABLE_MODULES = YES;
				"CODE_SIGN_IDENTITY[sdk=iphoneos*]" = "";
				DEFINES_MODULE = YES;
				DYLIB_COMPATIBILITY_VERSION = 1;
				DYLIB_CURRENT_VERSION = 1;
				DYLIB_INSTALL_NAME_BASE = "@rpath";
				INFOPLIST_FILE = NGAFramework/Info.plist;
				INSTALL_PATH = "$(LOCAL_LIBRARY_DIR)/Frameworks";
				IPHONEOS_DEPLOYMENT_TARGET = 8.0;
				LD_RUNPATH_SEARCH_PATHS = "$(inherited) @executable_path/Frameworks @loader_path/Frameworks";
				PRODUCT_BUNDLE_IDENTIFIER = com.nextgenapps.jose.NGAFramework;
				PRODUCT_NAME = "$(TARGET_NAME)";
				SKIP_INSTALL = YES;
				SWIFT_OBJC_BRIDGING_HEADER = "";
				SWIFT_VERSION = 3.0;
			};
			name = Release;
		};
/* End XCBuildConfiguration section */

/* Begin XCConfigurationList section */
		82332D531E52C4F80007CB52 /* Build configuration list for PBXNativeTarget "NGAFrameworkTests" */ = {
			isa = XCConfigurationList;
			buildConfigurations = (
				82332D541E52C4F80007CB52 /* Debug */,
				82332D551E52C4F80007CB52 /* Release */,
			);
			defaultConfigurationIsVisible = 0;
		};
		828DAE8E1C96075400EEDE1B /* Build configuration list for PBXProject "NGAFramework" */ = {
			isa = XCConfigurationList;
			buildConfigurations = (
				828DAE9A1C96075400EEDE1B /* Debug */,
				828DAE9B1C96075400EEDE1B /* Release */,
			);
			defaultConfigurationIsVisible = 0;
			defaultConfigurationName = Release;
		};
		828DAE9C1C96075400EEDE1B /* Build configuration list for PBXNativeTarget "NGAFramework" */ = {
			isa = XCConfigurationList;
			buildConfigurations = (
				828DAE9D1C96075400EEDE1B /* Debug */,
				828DAE9E1C96075400EEDE1B /* Release */,
			);
			defaultConfigurationIsVisible = 0;
			defaultConfigurationName = Release;
		};
/* End XCConfigurationList section */
	};
	rootObject = 828DAE8B1C96075400EEDE1B /* Project object */;
}
